
Microsoft Visual Studio Solution File, Format Version 11.00
# Visual Studio 2010
Project("{FAE04EC0-301F-11D3-BF4B-00C04F79EFBC}") = "SystemInfoLib", "SystemInfoLib\SystemInfoLib.csproj", "{DC872AC6-66B3-4260-8667-D237F39D6D1C}"
EndProject
Project("{FAE04EC0-301F-11D3-BF4B-00C04F79EFBC}") = "SystemInfoExample", "SystemInfoExample\SystemInfoExample.csproj", "{B1AE4E28-1845-4F04-992B-568576AB46F6}"
EndProject
Global
	GlobalSection(SolutionConfigurationPlatforms) = preSolution
		Debug|Any CPU = Debug|Any CPU
		Debug|Mixed Platforms = Debug|Mixed Platforms
		Debug|x86 = Debug|x86
		Release|Any CPU = Release|Any CPU
		Release|Mixed Platforms = Release|Mixed Platforms
		Release|x86 = Release|x86
	EndGlobalSection
	GlobalSection(ProjectConfigurationPlatforms) = postSolution
		{DC872AC6-66B3-4260-8667-D237F39D6D1C}.Debug|Any CPU.ActiveCfg = Debug|Any CPU
		{DC872AC6-66B3-4260-8667-D237F39D6D1C}.Debug|Any CPU.Build.0 = Debug|Any CPU
		{DC872AC6-66B3-4260-8667-D237F39D6D1C}.Debug|Mixed Platforms.ActiveCfg = Debug|Any CPU
		{DC872AC6-66B3-4260-8667-D237F39D6D1C}.Debug|Mixed Platforms.Build.0 = Debug|Any CPU
		{DC872AC6-66B3-4260-8667-D237F39D6D1C}.Debug|x86.ActiveCfg = Debug|Any CPU
		{DC872AC6-66B3-4260-8667-D237F39D6D1C}.Release|Any CPU.ActiveCfg = Release|Any CPU
		{DC872AC6-66B3-4260-8667-D237F39D6D1C}.Release|Any CPU.Build.0 = Release|Any CPU
		{DC872AC6-66B3-4260-8667-D237F39D6D1C}.Release|Mixed Platforms.ActiveCfg = Release|Any CPU
		{DC872AC6-66B3-4260-8667-D237F39D6D1C}.Release|Mixed Platforms.Build.0 = Release|Any CPU
		{DC872AC6-66B3-4260-8667-D237F39D6D1C}.Release|x86.ActiveCfg = Release|Any CPU
		{B1AE4E28-1845-4F04-992B-568576AB46F6}.Debug|Any CPU.ActiveCfg = Debug|Any CPU
		{B1AE4E28-1845-4F04-992B-568576AB46F6}.Debug|Any CPU.Build.0 = Debug|Any CPU
		{B1AE4E28-1845-4F04-992B-568576AB46F6}.Debug|Mixed Platforms.ActiveCfg = Debug|x86
		{B1AE4E28-1845-4F04-992B-568576AB46F6}.Debug|Mixed Platforms.Build.0 = Debug|x86
		{B1AE4E28-1845-4F04-992B-568576AB46F6}.Debug|x86.ActiveCfg = Debug|x86
		{B1AE4E28-1845-4F04-992B-568576AB46F6}.Debug|x86.Build.0 = Debug|x86
		{B1AE4E28-1845-4F04-992B-568576AB46F6}.Release|Any CPU.ActiveCfg = Release|x86
		{B1AE4E28-1845-4F04-992B-568576AB46F6}.Release|Mixed Platforms.ActiveCfg = Release|x86
		{B1AE4E28-1845-4F04-992B-568576AB46F6}.Release|Mixed Platforms.Build.0 = Release|x86
		{B1AE4E28-1845-4F04-992B-568576AB46F6}.Release|x86.ActiveCfg = Release|x86
		{B1AE4E28-1845-4F04-992B-568576AB46F6}.Release|x86.Build.0 = Release|x86
	EndGlobalSection
	GlobalSection(SolutionProperties) = preSolution
		HideSolutionNode = FALSE
	EndGlobalSection
EndGlobal
